// !$*UTF8*$!
{
	archiveVersion = 1;
	classes = {
	};
	objectVersion = 51;
	objects = {

/* Begin PBXBuildFile section */
		79D0CAD3C2F86520B952CAFF /* Pods_OpenWeatherApp.framework in Frameworks */ = {isa = PBXBuildFile; fileRef = ADFC9F0F184C83953BF89CB3 /* Pods_OpenWeatherApp.framework */; };
		BF0A45C5269609AA004A5252 /* WeatherFormatable.swift in Sources */ = {isa = PBXBuildFile; fileRef = BF0A45C4269609AA004A5252 /* WeatherFormatable.swift */; };
		BF0A45CA26960F6C004A5252 /* Extensions.swift in Sources */ = {isa = PBXBuildFile; fileRef = BF0A45C926960F6C004A5252 /* Extensions.swift */; };
		BF0A45D32696B2DE004A5252 /* Loader.swift in Sources */ = {isa = PBXBuildFile; fileRef = BF0A45D22696B2DE004A5252 /* Loader.swift */; };
		BF0A45DA2696B77D004A5252 /* LoaderAnimation.json in Resources */ = {isa = PBXBuildFile; fileRef = BF0A45D92696B77D004A5252 /* LoaderAnimation.json */; };
		BF0A45E32696C1B1004A5252 /* City.swift in Sources */ = {isa = PBXBuildFile; fileRef = BF0A45E22696C1B1004A5252 /* City.swift */; };
		BF14174A2692F4DB0059189A /* AppDelegate.swift in Sources */ = {isa = PBXBuildFile; fileRef = BF1417492692F4DB0059189A /* AppDelegate.swift */; };
		BF14174C2692F4DB0059189A /* SceneDelegate.swift in Sources */ = {isa = PBXBuildFile; fileRef = BF14174B2692F4DB0059189A /* SceneDelegate.swift */; };
		BF1417512692F4DB0059189A /* Main.storyboard in Resources */ = {isa = PBXBuildFile; fileRef = BF14174F2692F4DB0059189A /* Main.storyboard */; };
		BF1417542692F4DB0059189A /* OpenWeatherApp.xcdatamodeld in Sources */ = {isa = PBXBuildFile; fileRef = BF1417522692F4DB0059189A /* OpenWeatherApp.xcdatamodeld */; };
		BF1417562692F4E20059189A /* Assets.xcassets in Resources */ = {isa = PBXBuildFile; fileRef = BF1417552692F4E20059189A /* Assets.xcassets */; };
		BF1417592692F4E20059189A /* LaunchScreen.storyboard in Resources */ = {isa = PBXBuildFile; fileRef = BF1417572692F4E20059189A /* LaunchScreen.storyboard */; };
		BF15B2C32696ECB300CDDE60 /* CitySearchViewController.swift in Sources */ = {isa = PBXBuildFile; fileRef = BF15B2C22696ECB300CDDE60 /* CitySearchViewController.swift */; };
		BF15B2C62696ED7F00CDDE60 /* CitySearchViewModel.swift in Sources */ = {isa = PBXBuildFile; fileRef = BF15B2C52696ED7F00CDDE60 /* CitySearchViewModel.swift */; };
		BF5D3B78269586A600AAE4D6 /* Reachability.swift in Sources */ = {isa = PBXBuildFile; fileRef = BF5D3B77269586A600AAE4D6 /* Reachability.swift */; };
		BF5D3B7D269586CF00AAE4D6 /* Result.swift in Sources */ = {isa = PBXBuildFile; fileRef = BF5D3B7B269586CE00AAE4D6 /* Result.swift */; };
		BF5D3B7E269586CF00AAE4D6 /* ErrorResult.swift in Sources */ = {isa = PBXBuildFile; fileRef = BF5D3B7C269586CE00AAE4D6 /* ErrorResult.swift */; };
		BF5D3B83269586E200AAE4D6 /* ParserHelper.swift in Sources */ = {isa = PBXBuildFile; fileRef = BF5D3B82269586E200AAE4D6 /* ParserHelper.swift */; };
		BF5D3B89269586E800AAE4D6 /* ResponseHandler.swift in Sources */ = {isa = PBXBuildFile; fileRef = BF5D3B86269586E800AAE4D6 /* ResponseHandler.swift */; };
		BF5D3B8A269586E800AAE4D6 /* RequestService.swift in Sources */ = {isa = PBXBuildFile; fileRef = BF5D3B87269586E800AAE4D6 /* RequestService.swift */; };
		BF5D3B8B269586E800AAE4D6 /* RequestFactory.swift in Sources */ = {isa = PBXBuildFile; fileRef = BF5D3B88269586E800AAE4D6 /* RequestFactory.swift */; };
		BF5D3B9026958FF800AAE4D6 /* DynamicValue.swift in Sources */ = {isa = PBXBuildFile; fileRef = BF5D3B8F26958FF800AAE4D6 /* DynamicValue.swift */; };
		BF5D3B94269594F600AAE4D6 /* WeatherResponse.swift in Sources */ = {isa = PBXBuildFile; fileRef = BF5D3B93269594F600AAE4D6 /* WeatherResponse.swift */; };
		BF5D3B9C2695951600AAE4D6 /* Main.swift in Sources */ = {isa = PBXBuildFile; fileRef = BF5D3B962695951500AAE4D6 /* Main.swift */; };
		BF5D3BA12695951600AAE4D6 /* Weather.swift in Sources */ = {isa = PBXBuildFile; fileRef = BF5D3B9B2695951600AAE4D6 /* Weather.swift */; };
		BF5D3BA6269595A600AAE4D6 /* App.swift in Sources */ = {isa = PBXBuildFile; fileRef = BF5D3BA5269595A600AAE4D6 /* App.swift */; };
		BF5D3BAB269598C000AAE4D6 /* WeatherService.swift in Sources */ = {isa = PBXBuildFile; fileRef = BF5D3BAA269598C000AAE4D6 /* WeatherService.swift */; };
		BF5D3BBA2695B4CD00AAE4D6 /* HomeViewController.swift in Sources */ = {isa = PBXBuildFile; fileRef = BF5D3BB92695B4CD00AAE4D6 /* HomeViewController.swift */; };
		BF5D3BBE2695B4D800AAE4D6 /* HomeViewModel.swift in Sources */ = {isa = PBXBuildFile; fileRef = BF5D3BBD2695B4D800AAE4D6 /* HomeViewModel.swift */; };
		BF5D3BCA2695B74300AAE4D6 /* sky.mp4 in Resources */ = {isa = PBXBuildFile; fileRef = BF5D3BC92695B74200AAE4D6 /* sky.mp4 */; };
		BFAA81012696EE8B009122F3 /* HomeRouter.swift in Sources */ = {isa = PBXBuildFile; fileRef = BFAA81002696EE8B009122F3 /* HomeRouter.swift */; };
		BFAA810426970327009122F3 /* TableViewDataSource.swift in Sources */ = {isa = PBXBuildFile; fileRef = BFAA810326970327009122F3 /* TableViewDataSource.swift */; };
		BFAA810826970399009122F3 /* CityListTableViewCell.swift in Sources */ = {isa = PBXBuildFile; fileRef = BFAA810726970399009122F3 /* CityListTableViewCell.swift */; };
		BFAA8115269735F5009122F3 /* FavViewController.swift in Sources */ = {isa = PBXBuildFile; fileRef = BFAA8114269735F5009122F3 /* FavViewController.swift */; };
		BFAA811826973638009122F3 /* CityListTableViewCell.xib in Resources */ = {isa = PBXBuildFile; fileRef = BFAA811726973637009122F3 /* CityListTableViewCell.xib */; };
/* End PBXBuildFile section */

/* Begin PBXFileReference section */
		4AE3CA9AA3811178AA38F764 /* Pods-OpenWeatherApp.debug.xcconfig */ = {isa = PBXFileReference; includeInIndex = 1; lastKnownFileType = text.xcconfig; name = "Pods-OpenWeatherApp.debug.xcconfig"; path = "Target Support Files/Pods-OpenWeatherApp/Pods-OpenWeatherApp.debug.xcconfig"; sourceTree = "<group>"; };
		ADFC9F0F184C83953BF89CB3 /* Pods_OpenWeatherApp.framework */ = {isa = PBXFileReference; explicitFileType = wrapper.framework; includeInIndex = 0; path = Pods_OpenWeatherApp.framework; sourceTree = BUILT_PRODUCTS_DIR; };
		BF0A45C4269609AA004A5252 /* WeatherFormatable.swift */ = {isa = PBXFileReference; lastKnownFileType = sourcecode.swift; path = WeatherFormatable.swift; sourceTree = "<group>"; };
		BF0A45C926960F6C004A5252 /* Extensions.swift */ = {isa = PBXFileReference; lastKnownFileType = sourcecode.swift; path = Extensions.swift; sourceTree = "<group>"; };
		BF0A45D22696B2DE004A5252 /* Loader.swift */ = {isa = PBXFileReference; fileEncoding = 4; lastKnownFileType = sourcecode.swift; path = Loader.swift; sourceTree = "<group>"; };
		BF0A45D92696B77D004A5252 /* LoaderAnimation.json */ = {isa = PBXFileReference; lastKnownFileType = text.json; path = LoaderAnimation.json; sourceTree = "<group>"; };
		BF0A45E22696C1B1004A5252 /* City.swift */ = {isa = PBXFileReference; fileEncoding = 4; lastKnownFileType = sourcecode.swift; path = City.swift; sourceTree = "<group>"; };
		BF1417462692F4DB0059189A /* OpenWeatherApp.app */ = {isa = PBXFileReference; explicitFileType = wrapper.application; includeInIndex = 0; path = OpenWeatherApp.app; sourceTree = BUILT_PRODUCTS_DIR; };
		BF1417492692F4DB0059189A /* AppDelegate.swift */ = {isa = PBXFileReference; lastKnownFileType = sourcecode.swift; path = AppDelegate.swift; sourceTree = "<group>"; };
		BF14174B2692F4DB0059189A /* SceneDelegate.swift */ = {isa = PBXFileReference; lastKnownFileType = sourcecode.swift; path = SceneDelegate.swift; sourceTree = "<group>"; };
		BF1417502692F4DB0059189A /* Base */ = {isa = PBXFileReference; lastKnownFileType = file.storyboard; name = Base; path = Base.lproj/Main.storyboard; sourceTree = "<group>"; };
		BF1417532692F4DB0059189A /* OpenWeatherApp.xcdatamodel */ = {isa = PBXFileReference; lastKnownFileType = wrapper.xcdatamodel; path = OpenWeatherApp.xcdatamodel; sourceTree = "<group>"; };
		BF1417552692F4E20059189A /* Assets.xcassets */ = {isa = PBXFileReference; lastKnownFileType = folder.assetcatalog; path = Assets.xcassets; sourceTree = "<group>"; };
		BF1417582692F4E20059189A /* Base */ = {isa = PBXFileReference; lastKnownFileType = file.storyboard; name = Base; path = Base.lproj/LaunchScreen.storyboard; sourceTree = "<group>"; };
		BF14175A2692F4E20059189A /* Info.plist */ = {isa = PBXFileReference; lastKnownFileType = text.plist.xml; path = Info.plist; sourceTree = "<group>"; };
		BF15B2C22696ECB300CDDE60 /* CitySearchViewController.swift */ = {isa = PBXFileReference; lastKnownFileType = sourcecode.swift; path = CitySearchViewController.swift; sourceTree = "<group>"; };
		BF15B2C52696ED7F00CDDE60 /* CitySearchViewModel.swift */ = {isa = PBXFileReference; lastKnownFileType = sourcecode.swift; path = CitySearchViewModel.swift; sourceTree = "<group>"; };
		BF5D3B77269586A600AAE4D6 /* Reachability.swift */ = {isa = PBXFileReference; fileEncoding = 4; lastKnownFileType = sourcecode.swift; path = Reachability.swift; sourceTree = "<group>"; };
		BF5D3B7B269586CE00AAE4D6 /* Result.swift */ = {isa = PBXFileReference; fileEncoding = 4; lastKnownFileType = sourcecode.swift; path = Result.swift; sourceTree = "<group>"; };
		BF5D3B7C269586CE00AAE4D6 /* ErrorResult.swift */ = {isa = PBXFileReference; fileEncoding = 4; lastKnownFileType = sourcecode.swift; path = ErrorResult.swift; sourceTree = "<group>"; };
		BF5D3B82269586E200AAE4D6 /* ParserHelper.swift */ = {isa = PBXFileReference; fileEncoding = 4; lastKnownFileType = sourcecode.swift; path = ParserHelper.swift; sourceTree = "<group>"; };
		BF5D3B86269586E800AAE4D6 /* ResponseHandler.swift */ = {isa = PBXFileReference; fileEncoding = 4; lastKnownFileType = sourcecode.swift; path = ResponseHandler.swift; sourceTree = "<group>"; };
		BF5D3B87269586E800AAE4D6 /* RequestService.swift */ = {isa = PBXFileReference; fileEncoding = 4; lastKnownFileType = sourcecode.swift; path = RequestService.swift; sourceTree = "<group>"; };
		BF5D3B88269586E800AAE4D6 /* RequestFactory.swift */ = {isa = PBXFileReference; fileEncoding = 4; lastKnownFileType = sourcecode.swift; path = RequestFactory.swift; sourceTree = "<group>"; };
		BF5D3B8F26958FF800AAE4D6 /* DynamicValue.swift */ = {isa = PBXFileReference; fileEncoding = 4; lastKnownFileType = sourcecode.swift; path = DynamicValue.swift; sourceTree = "<group>"; };
		BF5D3B93269594F600AAE4D6 /* WeatherResponse.swift */ = {isa = PBXFileReference; fileEncoding = 4; lastKnownFileType = sourcecode.swift; path = WeatherResponse.swift; sourceTree = "<group>"; };
		BF5D3B962695951500AAE4D6 /* Main.swift */ = {isa = PBXFileReference; fileEncoding = 4; lastKnownFileType = sourcecode.swift; path = Main.swift; sourceTree = "<group>"; };
		BF5D3B9B2695951600AAE4D6 /* Weather.swift */ = {isa = PBXFileReference; fileEncoding = 4; lastKnownFileType = sourcecode.swift; path = Weather.swift; sourceTree = "<group>"; };
		BF5D3BA5269595A600AAE4D6 /* App.swift */ = {isa = PBXFileReference; lastKnownFileType = sourcecode.swift; path = App.swift; sourceTree = "<group>"; };
		BF5D3BAA269598C000AAE4D6 /* WeatherService.swift */ = {isa = PBXFileReference; lastKnownFileType = sourcecode.swift; path = WeatherService.swift; sourceTree = "<group>"; };
		BF5D3BB92695B4CD00AAE4D6 /* HomeViewController.swift */ = {isa = PBXFileReference; lastKnownFileType = sourcecode.swift; path = HomeViewController.swift; sourceTree = "<group>"; };
		BF5D3BBD2695B4D800AAE4D6 /* HomeViewModel.swift */ = {isa = PBXFileReference; lastKnownFileType = sourcecode.swift; path = HomeViewModel.swift; sourceTree = "<group>"; };
		BF5D3BC92695B74200AAE4D6 /* sky.mp4 */ = {isa = PBXFileReference; lastKnownFileType = file; path = sky.mp4; sourceTree = "<group>"; };
		BFAA81002696EE8B009122F3 /* HomeRouter.swift */ = {isa = PBXFileReference; lastKnownFileType = sourcecode.swift; path = HomeRouter.swift; sourceTree = "<group>"; };
		BFAA810326970327009122F3 /* TableViewDataSource.swift */ = {isa = PBXFileReference; fileEncoding = 4; lastKnownFileType = sourcecode.swift; path = TableViewDataSource.swift; sourceTree = "<group>"; };
		BFAA810726970399009122F3 /* CityListTableViewCell.swift */ = {isa = PBXFileReference; lastKnownFileType = sourcecode.swift; path = CityListTableViewCell.swift; sourceTree = "<group>"; };
		BFAA8114269735F5009122F3 /* FavViewController.swift */ = {isa = PBXFileReference; lastKnownFileType = sourcecode.swift; path = FavViewController.swift; sourceTree = "<group>"; };
		BFAA811726973637009122F3 /* CityListTableViewCell.xib */ = {isa = PBXFileReference; lastKnownFileType = file.xib; path = CityListTableViewCell.xib; sourceTree = "<group>"; };
		EC067A0CD2EF343A0BA967C0 /* Pods-OpenWeatherApp.release.xcconfig */ = {isa = PBXFileReference; includeInIndex = 1; lastKnownFileType = text.xcconfig; name = "Pods-OpenWeatherApp.release.xcconfig"; path = "Target Support Files/Pods-OpenWeatherApp/Pods-OpenWeatherApp.release.xcconfig"; sourceTree = "<group>"; };
/* End PBXFileReference section */

/* Begin PBXFrameworksBuildPhase section */
		BF1417432692F4DB0059189A /* Frameworks */ = {
			isa = PBXFrameworksBuildPhase;
			buildActionMask = 2147483647;
			files = (
				79D0CAD3C2F86520B952CAFF /* Pods_OpenWeatherApp.framework in Frameworks */,
			);
			runOnlyForDeploymentPostprocessing = 0;
		};
/* End PBXFrameworksBuildPhase section */

/* Begin PBXGroup section */
		283B3ECBBEC27F71877385EC /* Pods */ = {
			isa = PBXGroup;
			children = (
				4AE3CA9AA3811178AA38F764 /* Pods-OpenWeatherApp.debug.xcconfig */,
				EC067A0CD2EF343A0BA967C0 /* Pods-OpenWeatherApp.release.xcconfig */,
			);
			path = Pods;
			sourceTree = "<group>";
		};
		602DE19B7185195D8D5E5A0E /* Frameworks */ = {
			isa = PBXGroup;
			children = (
				ADFC9F0F184C83953BF89CB3 /* Pods_OpenWeatherApp.framework */,
			);
			name = Frameworks;
			sourceTree = "<group>";
		};
		BF0A45C32696098E004A5252 /* Helpers */ = {
			isa = PBXGroup;
			children = (
				BFAA810326970327009122F3 /* TableViewDataSource.swift */,
				BF0A45D22696B2DE004A5252 /* Loader.swift */,
				BF0A45C4269609AA004A5252 /* WeatherFormatable.swift */,
				BF0A45C926960F6C004A5252 /* Extensions.swift */,
			);
			path = Helpers;
			sourceTree = "<group>";
		};
		BF0A45E12696C1A4004A5252 /* CityList */ = {
			isa = PBXGroup;
			children = (
				BF0A45E22696C1B1004A5252 /* City.swift */,
			);
			path = CityList;
			sourceTree = "<group>";
		};
		BF14173D2692F4DB0059189A = {
			isa = PBXGroup;
			children = (
				BF1417482692F4DB0059189A /* OpenWeatherApp */,
				BF1417472692F4DB0059189A /* Products */,
				283B3ECBBEC27F71877385EC /* Pods */,
				602DE19B7185195D8D5E5A0E /* Frameworks */,
			);
			sourceTree = "<group>";
		};
		BF1417472692F4DB0059189A /* Products */ = {
			isa = PBXGroup;
			children = (
				BF1417462692F4DB0059189A /* OpenWeatherApp.app */,
			);
			name = Products;
			sourceTree = "<group>";
		};
		BF1417482692F4DB0059189A /* OpenWeatherApp */ = {
			isa = PBXGroup;
			children = (
				BF1417492692F4DB0059189A /* AppDelegate.swift */,
				BF14174B2692F4DB0059189A /* SceneDelegate.swift */,
				BFAA81062697037F009122F3 /* Cells */,
				BF15B2C82696ED9800CDDE60 /* Routers */,
				BF0A45C32696098E004A5252 /* Helpers */,
				BF5D3BC22695B5B400AAE4D6 /* Resources */,
				BF5D3B8E26958FF000AAE4D6 /* Models */,
				BF5D3BB72695B48C00AAE4D6 /* View */,
				BF5D3BC02695B4F700AAE4D6 /* ViewModels */,
				BF5D3BA9269598AF00AAE4D6 /* Service */,
				BF5D3BA42695959200AAE4D6 /* Define */,
				BF5D3B57269576D000AAE4D6 /* Network */,
				BF14174F2692F4DB0059189A /* Main.storyboard */,
				BF1417552692F4E20059189A /* Assets.xcassets */,
				BF1417572692F4E20059189A /* LaunchScreen.storyboard */,
				BF14175A2692F4E20059189A /* Info.plist */,
				BF1417522692F4DB0059189A /* OpenWeatherApp.xcdatamodeld */,
			);
			path = OpenWeatherApp;
			sourceTree = "<group>";
		};
		BF15B2C82696ED9800CDDE60 /* Routers */ = {
			isa = PBXGroup;
			children = (
				BFAA81002696EE8B009122F3 /* HomeRouter.swift */,
			);
			path = Routers;
			sourceTree = "<group>";
		};
		BF5D3B57269576D000AAE4D6 /* Network */ = {
			isa = PBXGroup;
			children = (
				BF5D3B77269586A600AAE4D6 /* Reachability.swift */,
				BF5D3B85269586E800AAE4D6 /* Network */,
				BF5D3B81269586E200AAE4D6 /* Parser */,
				BF5D3B7A269586CE00AAE4D6 /* Result */,
			);
			path = Network;
			sourceTree = "<group>";
		};
		BF5D3B7A269586CE00AAE4D6 /* Result */ = {
			isa = PBXGroup;
			children = (
				BF5D3B7B269586CE00AAE4D6 /* Result.swift */,
				BF5D3B7C269586CE00AAE4D6 /* ErrorResult.swift */,
			);
			path = Result;
			sourceTree = "<group>";
		};
		BF5D3B81269586E200AAE4D6 /* Parser */ = {
			isa = PBXGroup;
			children = (
				BF5D3B82269586E200AAE4D6 /* ParserHelper.swift */,
			);
			path = Parser;
			sourceTree = "<group>";
		};
		BF5D3B85269586E800AAE4D6 /* Network */ = {
			isa = PBXGroup;
			children = (
				BF5D3B86269586E800AAE4D6 /* ResponseHandler.swift */,
				BF5D3B87269586E800AAE4D6 /* RequestService.swift */,
				BF5D3B88269586E800AAE4D6 /* RequestFactory.swift */,
			);
			path = Network;
			sourceTree = "<group>";
		};
		BF5D3B8E26958FF000AAE4D6 /* Models */ = {
			isa = PBXGroup;
			children = (
				BF5D3B8F26958FF800AAE4D6 /* DynamicValue.swift */,
				BF0A45E12696C1A4004A5252 /* CityList */,
				BF5D3B92269594D600AAE4D6 /* WeatherResult */,
			);
			path = Models;
			sourceTree = "<group>";
		};
		BF5D3B92269594D600AAE4D6 /* WeatherResult */ = {
			isa = PBXGroup;
			children = (
				BF5D3B93269594F600AAE4D6 /* WeatherResponse.swift */,
				BF5D3B962695951500AAE4D6 /* Main.swift */,
				BF5D3B9B2695951600AAE4D6 /* Weather.swift */,
			);
			path = WeatherResult;
			sourceTree = "<group>";
		};
		BF5D3BA42695959200AAE4D6 /* Define */ = {
			isa = PBXGroup;
			children = (
				BF5D3BA5269595A600AAE4D6 /* App.swift */,
			);
			path = Define;
			sourceTree = "<group>";
		};
		BF5D3BA9269598AF00AAE4D6 /* Service */ = {
			isa = PBXGroup;
			children = (
				BF5D3BAA269598C000AAE4D6 /* WeatherService.swift */,
			);
			path = Service;
			sourceTree = "<group>";
		};
		BF5D3BB72695B48C00AAE4D6 /* View */ = {
			isa = PBXGroup;
			children = (
				BF5D3BB92695B4CD00AAE4D6 /* HomeViewController.swift */,
				BF15B2C22696ECB300CDDE60 /* CitySearchViewController.swift */,
				BFAA8114269735F5009122F3 /* FavViewController.swift */,
			);
			path = View;
			sourceTree = "<group>";
		};
		BF5D3BC02695B4F700AAE4D6 /* ViewModels */ = {
			isa = PBXGroup;
			children = (
				BF5D3BBD2695B4D800AAE4D6 /* HomeViewModel.swift */,
				BF15B2C52696ED7F00CDDE60 /* CitySearchViewModel.swift */,
			);
			path = ViewModels;
			sourceTree = "<group>";
		};
		BF5D3BC22695B5B400AAE4D6 /* Resources */ = {
			isa = PBXGroup;
			children = (
				BF5D3BC92695B74200AAE4D6 /* sky.mp4 */,
				BF0A45D92696B77D004A5252 /* LoaderAnimation.json */,
			);
			path = Resources;
			sourceTree = "<group>";
		};
		BFAA81062697037F009122F3 /* Cells */ = {
			isa = PBXGroup;
			children = (
				BFAA810726970399009122F3 /* CityListTableViewCell.swift */,
				BFAA811726973637009122F3 /* CityListTableViewCell.xib */,
			);
			path = Cells;
			sourceTree = "<group>";
		};
/* End PBXGroup section */

/* Begin PBXNativeTarget section */
		BF1417452692F4DB0059189A /* OpenWeatherApp */ = {
			isa = PBXNativeTarget;
			buildConfigurationList = BF14175D2692F4E20059189A /* Build configuration list for PBXNativeTarget "OpenWeatherApp" */;
			buildPhases = (
				F14D31E54C799EFD6C51F674 /* [CP] Check Pods Manifest.lock */,
				BF1417422692F4DB0059189A /* Sources */,
				BF1417432692F4DB0059189A /* Frameworks */,
				BF1417442692F4DB0059189A /* Resources */,
				20DCC5F870ADCA7C22E7E724 /* [CP] Embed Pods Frameworks */,
			);
			buildRules = (
			);
			dependencies = (
			);
			name = OpenWeatherApp;
			productName = OpenWeatherApp;
			productReference = BF1417462692F4DB0059189A /* OpenWeatherApp.app */;
			productType = "com.apple.product-type.application";
		};
/* End PBXNativeTarget section */

/* Begin PBXProject section */
		BF14173E2692F4DB0059189A /* Project object */ = {
			isa = PBXProject;
			attributes = {
				LastSwiftUpdateCheck = 1240;
				LastUpgradeCheck = 1240;
				TargetAttributes = {
					BF1417452692F4DB0059189A = {
						CreatedOnToolsVersion = 12.4;
					};
				};
			};
			buildConfigurationList = BF1417412692F4DB0059189A /* Build configuration list for PBXProject "OpenWeatherApp" */;
			compatibilityVersion = "Xcode 9.3";
			developmentRegion = en;
			hasScannedForEncodings = 0;
			knownRegions = (
				en,
				Base,
			);
			mainGroup = BF14173D2692F4DB0059189A;
			productRefGroup = BF1417472692F4DB0059189A /* Products */;
			projectDirPath = "";
			projectRoot = "";
			targets = (
				BF1417452692F4DB0059189A /* OpenWeatherApp */,
			);
		};
/* End PBXProject section */

/* Begin PBXResourcesBuildPhase section */
		BF1417442692F4DB0059189A /* Resources */ = {
			isa = PBXResourcesBuildPhase;
			buildActionMask = 2147483647;
			files = (
				BF5D3BCA2695B74300AAE4D6 /* sky.mp4 in Resources */,
				BF1417592692F4E20059189A /* LaunchScreen.storyboard in Resources */,
				BFAA811826973638009122F3 /* CityListTableViewCell.xib in Resources */,
				BF0A45DA2696B77D004A5252 /* LoaderAnimation.json in Resources */,
				BF1417562692F4E20059189A /* Assets.xcassets in Resources */,
				BF1417512692F4DB0059189A /* Main.storyboard in Resources */,
			);
			runOnlyForDeploymentPostprocessing = 0;
		};
/* End PBXResourcesBuildPhase section */

/* Begin PBXShellScriptBuildPhase section */
		20DCC5F870ADCA7C22E7E724 /* [CP] Embed Pods Frameworks */ = {
			isa = PBXShellScriptBuildPhase;
			buildActionMask = 2147483647;
			files = (
			);
			inputFileListPaths = (
				"${PODS_ROOT}/Target Support Files/Pods-OpenWeatherApp/Pods-OpenWeatherApp-frameworks-${CONFIGURATION}-input-files.xcfilelist",
			);
			name = "[CP] Embed Pods Frameworks";
			outputFileListPaths = (
				"${PODS_ROOT}/Target Support Files/Pods-OpenWeatherApp/Pods-OpenWeatherApp-frameworks-${CONFIGURATION}-output-files.xcfilelist",
			);
			runOnlyForDeploymentPostprocessing = 0;
			shellPath = /bin/sh;
			shellScript = "\"${PODS_ROOT}/Target Support Files/Pods-OpenWeatherApp/Pods-OpenWeatherApp-frameworks.sh\"\n";
			showEnvVarsInLog = 0;
		};
		F14D31E54C799EFD6C51F674 /* [CP] Check Pods Manifest.lock */ = {
			isa = PBXShellScriptBuildPhase;
			buildActionMask = 2147483647;
			files = (
			);
			inputFileListPaths = (
			);
			inputPaths = (
				"${PODS_PODFILE_DIR_PATH}/Podfile.lock",
				"${PODS_ROOT}/Manifest.lock",
			);
			name = "[CP] Check Pods Manifest.lock";
			outputFileListPaths = (
			);
			outputPaths = (
				"$(DERIVED_FILE_DIR)/Pods-OpenWeatherApp-checkManifestLockResult.txt",
			);
			runOnlyForDeploymentPostprocessing = 0;
			shellPath = /bin/sh;
			shellScript = "diff \"${PODS_PODFILE_DIR_PATH}/Podfile.lock\" \"${PODS_ROOT}/Manifest.lock\" > /dev/null\nif [ $? != 0 ] ; then\n    # print error to STDERR\n    echo \"error: The sandbox is not in sync with the Podfile.lock. Run 'pod install' or update your CocoaPods installation.\" >&2\n    exit 1\nfi\n# This output is used by Xcode 'outputs' to avoid re-running this script phase.\necho \"SUCCESS\" > \"${SCRIPT_OUTPUT_FILE_0}\"\n";
			showEnvVarsInLog = 0;
		};
/* End PBXShellScriptBuildPhase section */

/* Begin PBXSourcesBuildPhase section */
		BF1417422692F4DB0059189A /* Sources */ = {
			isa = PBXSourcesBuildPhase;
			buildActionMask = 2147483647;
			files = (
				BF5D3BAB269598C000AAE4D6 /* WeatherService.swift in Sources */,
				BFAA810826970399009122F3 /* CityListTableViewCell.swift in Sources */,
				BFAA8115269735F5009122F3 /* FavViewController.swift in Sources */,
				BF5D3BBE2695B4D800AAE4D6 /* HomeViewModel.swift in Sources */,
				BF14174A2692F4DB0059189A /* AppDelegate.swift in Sources */,
				BF5D3B9026958FF800AAE4D6 /* DynamicValue.swift in Sources */,
				BF5D3BBA2695B4CD00AAE4D6 /* HomeViewController.swift in Sources */,
				BF0A45D32696B2DE004A5252 /* Loader.swift in Sources */,
				BF5D3B8A269586E800AAE4D6 /* RequestService.swift in Sources */,
				BF5D3BA6269595A600AAE4D6 /* App.swift in Sources */,
				BF5D3B7D269586CF00AAE4D6 /* Result.swift in Sources */,
				BF5D3BA12695951600AAE4D6 /* Weather.swift in Sources */,
				BFAA810426970327009122F3 /* TableViewDataSource.swift in Sources */,
				BF5D3B9C2695951600AAE4D6 /* Main.swift in Sources */,
				BF5D3B94269594F600AAE4D6 /* WeatherResponse.swift in Sources */,
				BF1417542692F4DB0059189A /* OpenWeatherApp.xcdatamodeld in Sources */,
				BF5D3B7E269586CF00AAE4D6 /* ErrorResult.swift in Sources */,
				BFAA81012696EE8B009122F3 /* HomeRouter.swift in Sources */,
				BF15B2C32696ECB300CDDE60 /* CitySearchViewController.swift in Sources */,
				BF0A45E32696C1B1004A5252 /* City.swift in Sources */,
				BF5D3B83269586E200AAE4D6 /* ParserHelper.swift in Sources */,
				BF5D3B8B269586E800AAE4D6 /* RequestFactory.swift in Sources */,
				BF0A45CA26960F6C004A5252 /* Extensions.swift in Sources */,
				BF5D3B89269586E800AAE4D6 /* ResponseHandler.swift in Sources */,
				BF0A45C5269609AA004A5252 /* WeatherFormatable.swift in Sources */,
				BF5D3B78269586A600AAE4D6 /* Reachability.swift in Sources */,
				BF14174C2692F4DB0059189A /* SceneDelegate.swift in Sources */,
				BF15B2C62696ED7F00CDDE60 /* CitySearchViewModel.swift in Sources */,
			);
			runOnlyForDeploymentPostprocessing = 0;
		};
/* End PBXSourcesBuildPhase section */

/* Begin PBXVariantGroup section */
		BF14174F2692F4DB0059189A /* Main.storyboard */ = {
			isa = PBXVariantGroup;
			children = (
				BF1417502692F4DB0059189A /* Base */,
			);
			name = Main.storyboard;
			sourceTree = "<group>";
		};
		BF1417572692F4E20059189A /* LaunchScreen.storyboard */ = {
			isa = PBXVariantGroup;
			children = (
				BF1417582692F4E20059189A /* Base */,
			);
			name = LaunchScreen.storyboard;
			sourceTree = "<group>";
		};
/* End PBXVariantGroup section */

/* Begin XCBuildConfiguration section */
		BF14175B2692F4E20059189A /* Debug */ = {
			isa = XCBuildConfiguration;
			buildSettings = {
				ALWAYS_SEARCH_USER_PATHS = NO;
				CLANG_ANALYZER_NONNULL = YES;
				CLANG_ANALYZER_NUMBER_OBJECT_CONVERSION = YES_AGGRESSIVE;
				CLANG_CXX_LANGUAGE_STANDARD = "gnu++14";
				CLANG_CXX_LIBRARY = "libc++";
				CLANG_ENABLE_MODULES = YES;
				CLANG_ENABLE_OBJC_ARC = YES;
				CLANG_ENABLE_OBJC_WEAK = YES;
				CLANG_WARN_BLOCK_CAPTURE_AUTORELEASING = YES;
				CLANG_WARN_BOOL_CONVERSION = YES;
				CLANG_WARN_COMMA = YES;
				CLANG_WARN_CONSTANT_CONVERSION = YES;
				CLANG_WARN_DEPRECATED_OBJC_IMPLEMENTATIONS = YES;
				CLANG_WARN_DIRECT_OBJC_ISA_USAGE = YES_ERROR;
				CLANG_WARN_DOCUMENTATION_COMMENTS = YES;
				CLANG_WARN_EMPTY_BODY = YES;
				CLANG_WARN_ENUM_CONVERSION = YES;
				CLANG_WARN_INFINITE_RECURSION = YES;
				CLANG_WARN_INT_CONVERSION = YES;
				CLANG_WARN_NON_LITERAL_NULL_CONVERSION = YES;
				CLANG_WARN_OBJC_IMPLICIT_RETAIN_SELF = YES;
				CLANG_WARN_OBJC_LITERAL_CONVERSION = YES;
				CLANG_WARN_OBJC_ROOT_CLASS = YES_ERROR;
				CLANG_WARN_QUOTED_INCLUDE_IN_FRAMEWORK_HEADER = YES;
				CLANG_WARN_RANGE_LOOP_ANALYSIS = YES;
				CLANG_WARN_STRICT_PROTOTYPES = YES;
				CLANG_WARN_SUSPICIOUS_MOVE = YES;
				CLANG_WARN_UNGUARDED_AVAILABILITY = YES_AGGRESSIVE;
				CLANG_WARN_UNREACHABLE_CODE = YES;
				CLANG_WARN__DUPLICATE_METHOD_MATCH = YES;
				COPY_PHASE_STRIP = NO;
				DEBUG_INFORMATION_FORMAT = dwarf;
				ENABLE_STRICT_OBJC_MSGSEND = YES;
				ENABLE_TESTABILITY = YES;
				GCC_C_LANGUAGE_STANDARD = gnu11;
				GCC_DYNAMIC_NO_PIC = NO;
				GCC_NO_COMMON_BLOCKS = YES;
				GCC_OPTIMIZATION_LEVEL = 0;
				GCC_PREPROCESSOR_DEFINITIONS = (
					"DEBUG=1",
					"$(inherited)",
				);
				GCC_WARN_64_TO_32_BIT_CONVERSION = YES;
				GCC_WARN_ABOUT_RETURN_TYPE = YES_ERROR;
				GCC_WARN_UNDECLARED_SELECTOR = YES;
				GCC_WARN_UNINITIALIZED_AUTOS = YES_AGGRESSIVE;
				GCC_WARN_UNUSED_FUNCTION = YES;
				GCC_WARN_UNUSED_VARIABLE = YES;
				IPHONEOS_DEPLOYMENT_TARGET = 14.4;
				MTL_ENABLE_DEBUG_INFO = INCLUDE_SOURCE;
				MTL_FAST_MATH = YES;
				ONLY_ACTIVE_ARCH = YES;
				SDKROOT = iphoneos;
				SWIFT_ACTIVE_COMPILATION_CONDITIONS = DEBUG;
				SWIFT_OPTIMIZATION_LEVEL = "-Onone";
			};
			name = Debug;
		};
		BF14175C2692F4E20059189A /* Release */ = {
			isa = XCBuildConfiguration;
			buildSettings = {
				ALWAYS_SEARCH_USER_PATHS = NO;
				CLANG_ANALYZER_NONNULL = YES;
				CLANG_ANALYZER_NUMBER_OBJECT_CONVERSION = YES_AGGRESSIVE;
				CLANG_CXX_LANGUAGE_STANDARD = "gnu++14";
				CLANG_CXX_LIBRARY = "libc++";
				CLANG_ENABLE_MODULES = YES;
				CLANG_ENABLE_OBJC_ARC = YES;
				CLANG_ENABLE_OBJC_WEAK = YES;
				CLANG_WARN_BLOCK_CAPTURE_AUTORELEASING = YES;
				CLANG_WARN_BOOL_CONVERSION = YES;
				CLANG_WARN_COMMA = YES;
				CLANG_WARN_CONSTANT_CONVERSION = YES;
				CLANG_WARN_DEPRECATED_OBJC_IMPLEMENTATIONS = YES;
				CLANG_WARN_DIRECT_OBJC_ISA_USAGE = YES_ERROR;
				CLANG_WARN_DOCUMENTATION_COMMENTS = YES;
				CLANG_WARN_EMPTY_BODY = YES;
				CLANG_WARN_ENUM_CONVERSION = YES;
				CLANG_WARN_INFINITE_RECURSION = YES;
				CLANG_WARN_INT_CONVERSION = YES;
				CLANG_WARN_NON_LITERAL_NULL_CONVERSION = YES;
				CLANG_WARN_OBJC_IMPLICIT_RETAIN_SELF = YES;
				CLANG_WARN_OBJC_LITERAL_CONVERSION = YES;
				CLANG_WARN_OBJC_ROOT_CLASS = YES_ERROR;
				CLANG_WARN_QUOTED_INCLUDE_IN_FRAMEWORK_HEADER = YES;
				CLANG_WARN_RANGE_LOOP_ANALYSIS = YES;
				CLANG_WARN_STRICT_PROTOTYPES = YES;
				CLANG_WARN_SUSPICIOUS_MOVE = YES;
				CLANG_WARN_UNGUARDED_AVAILABILITY = YES_AGGRESSIVE;
				CLANG_WARN_UNREACHABLE_CODE = YES;
				CLANG_WARN__DUPLICATE_METHOD_MATCH = YES;
				COPY_PHASE_STRIP = NO;
				DEBUG_INFORMATION_FORMAT = "dwarf-with-dsym";
				ENABLE_NS_ASSERTIONS = NO;
				ENABLE_STRICT_OBJC_MSGSEND = YES;
				GCC_C_LANGUAGE_STANDARD = gnu11;
				GCC_NO_COMMON_BLOCKS = YES;
				GCC_WARN_64_TO_32_BIT_CONVERSION = YES;
				GCC_WARN_ABOUT_RETURN_TYPE = YES_ERROR;
				GCC_WARN_UNDECLARED_SELECTOR = YES;
				GCC_WARN_UNINITIALIZED_AUTOS = YES_AGGRESSIVE;
				GCC_WARN_UNUSED_FUNCTION = YES;
				GCC_WARN_UNUSED_VARIABLE = YES;
				IPHONEOS_DEPLOYMENT_TARGET = 14.4;
				MTL_ENABLE_DEBUG_INFO = NO;
				MTL_FAST_MATH = YES;
				SDKROOT = iphoneos;
				SWIFT_COMPILATION_MODE = wholemodule;
				SWIFT_OPTIMIZATION_LEVEL = "-O";
				VALIDATE_PRODUCT = YES;
			};
			name = Release;
		};
		BF14175E2692F4E20059189A /* Debug */ = {
			isa = XCBuildConfiguration;
			baseConfigurationReference = 4AE3CA9AA3811178AA38F764 /* Pods-OpenWeatherApp.debug.xcconfig */;
			buildSettings = {
				ASSETCATALOG_COMPILER_APPICON_NAME = AppIcon;
				ASSETCATALOG_COMPILER_GLOBAL_ACCENT_COLOR_NAME = AccentColor;
				CODE_SIGN_STYLE = Automatic;
				INFOPLIST_FILE = OpenWeatherApp/Info.plist;
				LD_RUNPATH_SEARCH_PATHS = (
					"$(inherited)",
					"@executable_path/Frameworks",
				);
				PRODUCT_BUNDLE_IDENTIFIER = com.faizal.openweatherapp.OpenWeatherApp;
				PRODUCT_NAME = "$(TARGET_NAME)";
				SWIFT_VERSION = 5.0;
				TARGETED_DEVICE_FAMILY = "1,2";
			};
			name = Debug;
		};
		BF14175F2692F4E20059189A /* Release */ = {
			isa = XCBuildConfiguration;
			baseConfigurationReference = EC067A0CD2EF343A0BA967C0 /* Pods-OpenWeatherApp.release.xcconfig */;
			buildSettings = {
				ASSETCATALOG_COMPILER_APPICON_NAME = AppIcon;
				ASSETCATALOG_COMPILER_GLOBAL_ACCENT_COLOR_NAME = AccentColor;
				CODE_SIGN_STYLE = Automatic;
				INFOPLIST_FILE = OpenWeatherApp/Info.plist;
				LD_RUNPATH_SEARCH_PATHS = (
					"$(inherited)",
					"@executable_path/Frameworks",
				);
				PRODUCT_BUNDLE_IDENTIFIER = com.faizal.openweatherapp.OpenWeatherApp;
				PRODUCT_NAME = "$(TARGET_NAME)";
				SWIFT_VERSION = 5.0;
				TARGETED_DEVICE_FAMILY = "1,2";
			};
			name = Release;
		};
/* End XCBuildConfiguration section */

/* Begin XCConfigurationList section */
		BF1417412692F4DB0059189A /* Build configuration list for PBXProject "OpenWeatherApp" */ = {
			isa = XCConfigurationList;
			buildConfigurations = (
				BF14175B2692F4E20059189A /* Debug */,
				BF14175C2692F4E20059189A /* Release */,
			);
			defaultConfigurationIsVisible = 0;
			defaultConfigurationName = Release;
		};
		BF14175D2692F4E20059189A /* Build configuration list for PBXNativeTarget "OpenWeatherApp" */ = {
			isa = XCConfigurationList;
			buildConfigurations = (
				BF14175E2692F4E20059189A /* Debug */,
				BF14175F2692F4E20059189A /* Release */,
			);
			defaultConfigurationIsVisible = 0;
			defaultConfigurationName = Release;
		};
/* End XCConfigurationList section */

/* Begin XCVersionGroup section */
		BF1417522692F4DB0059189A /* OpenWeatherApp.xcdatamodeld */ = {
			isa = XCVersionGroup;
			children = (
				BF1417532692F4DB0059189A /* OpenWeatherApp.xcdatamodel */,
			);
			currentVersion = BF1417532692F4DB0059189A /* OpenWeatherApp.xcdatamodel */;
			path = OpenWeatherApp.xcdatamodeld;
			sourceTree = "<group>";
			versionGroupType = wrapper.xcdatamodel;
		};
/* End XCVersionGroup section */
	};
	rootObject = BF14173E2692F4DB0059189A /* Project object */;
}
