// !$*UTF8*$!
{
	archiveVersion = 1;
	classes = {
	};
	objectVersion = 50;
	objects = {

/* Begin PBXBuildFile section */
		BF14174A2692F4DB0059189A /* AppDelegate.swift in Sources */ = {isa = PBXBuildFile; fileRef = BF1417492692F4DB0059189A /* AppDelegate.swift */; };
		BF14174C2692F4DB0059189A /* SceneDelegate.swift in Sources */ = {isa = PBXBuildFile; fileRef = BF14174B2692F4DB0059189A /* SceneDelegate.swift */; };
		BF1417512692F4DB0059189A /* Main.storyboard in Resources */ = {isa = PBXBuildFile; fileRef = BF14174F2692F4DB0059189A /* Main.storyboard */; };
		BF1417542692F4DB0059189A /* OpenWeatherApp.xcdatamodeld in Sources */ = {isa = PBXBuildFile; fileRef = BF1417522692F4DB0059189A /* OpenWeatherApp.xcdatamodeld */; };
		BF1417562692F4E20059189A /* Assets.xcassets in Resources */ = {isa = PBXBuildFile; fileRef = BF1417552692F4E20059189A /* Assets.xcassets */; };
		BF1417592692F4E20059189A /* LaunchScreen.storyboard in Resources */ = {isa = PBXBuildFile; fileRef = BF1417572692F4E20059189A /* LaunchScreen.storyboard */; };
		BF5D3B78269586A600AAE4D6 /* Reachability.swift in Sources */ = {isa = PBXBuildFile; fileRef = BF5D3B77269586A600AAE4D6 /* Reachability.swift */; };
		BF5D3B7D269586CF00AAE4D6 /* Result.swift in Sources */ = {isa = PBXBuildFile; fileRef = BF5D3B7B269586CE00AAE4D6 /* Result.swift */; };
		BF5D3B7E269586CF00AAE4D6 /* ErrorResult.swift in Sources */ = {isa = PBXBuildFile; fileRef = BF5D3B7C269586CE00AAE4D6 /* ErrorResult.swift */; };
		BF5D3B83269586E200AAE4D6 /* ParserHelper.swift in Sources */ = {isa = PBXBuildFile; fileRef = BF5D3B82269586E200AAE4D6 /* ParserHelper.swift */; };
		BF5D3B89269586E800AAE4D6 /* ResponseHandler.swift in Sources */ = {isa = PBXBuildFile; fileRef = BF5D3B86269586E800AAE4D6 /* ResponseHandler.swift */; };
		BF5D3B8A269586E800AAE4D6 /* RequestService.swift in Sources */ = {isa = PBXBuildFile; fileRef = BF5D3B87269586E800AAE4D6 /* RequestService.swift */; };
		BF5D3B8B269586E800AAE4D6 /* RequestFactory.swift in Sources */ = {isa = PBXBuildFile; fileRef = BF5D3B88269586E800AAE4D6 /* RequestFactory.swift */; };
/* End PBXBuildFile section */

/* Begin PBXFileReference section */
		BF1417462692F4DB0059189A /* OpenWeatherApp.app */ = {isa = PBXFileReference; explicitFileType = wrapper.application; includeInIndex = 0; path = OpenWeatherApp.app; sourceTree = BUILT_PRODUCTS_DIR; };
		BF1417492692F4DB0059189A /* AppDelegate.swift */ = {isa = PBXFileReference; lastKnownFileType = sourcecode.swift; path = AppDelegate.swift; sourceTree = "<group>"; };
		BF14174B2692F4DB0059189A /* SceneDelegate.swift */ = {isa = PBXFileReference; lastKnownFileType = sourcecode.swift; path = SceneDelegate.swift; sourceTree = "<group>"; };
		BF1417502692F4DB0059189A /* Base */ = {isa = PBXFileReference; lastKnownFileType = file.storyboard; name = Base; path = Base.lproj/Main.storyboard; sourceTree = "<group>"; };
		BF1417532692F4DB0059189A /* OpenWeatherApp.xcdatamodel */ = {isa = PBXFileReference; lastKnownFileType = wrapper.xcdatamodel; path = OpenWeatherApp.xcdatamodel; sourceTree = "<group>"; };
		BF1417552692F4E20059189A /* Assets.xcassets */ = {isa = PBXFileReference; lastKnownFileType = folder.assetcatalog; path = Assets.xcassets; sourceTree = "<group>"; };
		BF1417582692F4E20059189A /* Base */ = {isa = PBXFileReference; lastKnownFileType = file.storyboard; name = Base; path = Base.lproj/LaunchScreen.storyboard; sourceTree = "<group>"; };
		BF14175A2692F4E20059189A /* Info.plist */ = {isa = PBXFileReference; lastKnownFileType = text.plist.xml; path = Info.plist; sourceTree = "<group>"; };
		BF5D3B77269586A600AAE4D6 /* Reachability.swift */ = {isa = PBXFileReference; fileEncoding = 4; lastKnownFileType = sourcecode.swift; path = Reachability.swift; sourceTree = "<group>"; };
		BF5D3B7B269586CE00AAE4D6 /* Result.swift */ = {isa = PBXFileReference; fileEncoding = 4; lastKnownFileType = sourcecode.swift; path = Result.swift; sourceTree = "<group>"; };
		BF5D3B7C269586CE00AAE4D6 /* ErrorResult.swift */ = {isa = PBXFileReference; fileEncoding = 4; lastKnownFileType = sourcecode.swift; path = ErrorResult.swift; sourceTree = "<group>"; };
		BF5D3B82269586E200AAE4D6 /* ParserHelper.swift */ = {isa = PBXFileReference; fileEncoding = 4; lastKnownFileType = sourcecode.swift; path = ParserHelper.swift; sourceTree = "<group>"; };
		BF5D3B86269586E800AAE4D6 /* ResponseHandler.swift */ = {isa = PBXFileReference; fileEncoding = 4; lastKnownFileType = sourcecode.swift; path = ResponseHandler.swift; sourceTree = "<group>"; };
		BF5D3B87269586E800AAE4D6 /* RequestService.swift */ = {isa = PBXFileReference; fileEncoding = 4; lastKnownFileType = sourcecode.swift; path = RequestService.swift; sourceTree = "<group>"; };
		BF5D3B88269586E800AAE4D6 /* RequestFactory.swift */ = {isa = PBXFileReference; fileEncoding = 4; lastKnownFileType = sourcecode.swift; path = RequestFactory.swift; sourceTree = "<group>"; };
/* End PBXFileReference section */

/* Begin PBXFrameworksBuildPhase section */
		BF1417432692F4DB0059189A /* Frameworks */ = {
			isa = PBXFrameworksBuildPhase;
			buildActionMask = 2147483647;
			files = (
			);
			runOnlyForDeploymentPostprocessing = 0;
		};
/* End PBXFrameworksBuildPhase section */

/* Begin PBXGroup section */
		BF14173D2692F4DB0059189A = {
			isa = PBXGroup;
			children = (
				BF1417482692F4DB0059189A /* OpenWeatherApp */,
				BF1417472692F4DB0059189A /* Products */,
			);
			sourceTree = "<group>";
		};
		BF1417472692F4DB0059189A /* Products */ = {
			isa = PBXGroup;
			children = (
				BF1417462692F4DB0059189A /* OpenWeatherApp.app */,
			);
			name = Products;
			sourceTree = "<group>";
		};
		BF1417482692F4DB0059189A /* OpenWeatherApp */ = {
			isa = PBXGroup;
			children = (
				BF1417492692F4DB0059189A /* AppDelegate.swift */,
				BF14174B2692F4DB0059189A /* SceneDelegate.swift */,
				BF5D3B57269576D000AAE4D6 /* Network */,
				BF14174F2692F4DB0059189A /* Main.storyboard */,
				BF1417552692F4E20059189A /* Assets.xcassets */,
				BF1417572692F4E20059189A /* LaunchScreen.storyboard */,
				BF14175A2692F4E20059189A /* Info.plist */,
				BF1417522692F4DB0059189A /* OpenWeatherApp.xcdatamodeld */,
			);
			path = OpenWeatherApp;
			sourceTree = "<group>";
		};
		BF5D3B57269576D000AAE4D6 /* Network */ = {
			isa = PBXGroup;
			children = (
				BF5D3B77269586A600AAE4D6 /* Reachability.swift */,
				BF5D3B85269586E800AAE4D6 /* Network */,
				BF5D3B81269586E200AAE4D6 /* Parser */,
				BF5D3B7A269586CE00AAE4D6 /* Result */,
			);
			path = Network;
			sourceTree = "<group>";
		};
		BF5D3B7A269586CE00AAE4D6 /* Result */ = {
			isa = PBXGroup;
			children = (
				BF5D3B7B269586CE00AAE4D6 /* Result.swift */,
				BF5D3B7C269586CE00AAE4D6 /* ErrorResult.swift */,
			);
			path = Result;
			sourceTree = "<group>";
		};
		BF5D3B81269586E200AAE4D6 /* Parser */ = {
			isa = PBXGroup;
			children = (
				BF5D3B82269586E200AAE4D6 /* ParserHelper.swift */,
			);
			path = Parser;
			sourceTree = "<group>";
		};
		BF5D3B85269586E800AAE4D6 /* Network */ = {
			isa = PBXGroup;
			children = (
				BF5D3B86269586E800AAE4D6 /* ResponseHandler.swift */,
				BF5D3B87269586E800AAE4D6 /* RequestService.swift */,
				BF5D3B88269586E800AAE4D6 /* RequestFactory.swift */,
			);
			path = Network;
			sourceTree = "<group>";
		};
/* End PBXGroup section */

/* Begin PBXNativeTarget section */
		BF1417452692F4DB0059189A /* OpenWeatherApp */ = {
			isa = PBXNativeTarget;
			buildConfigurationList = BF14175D2692F4E20059189A /* Build configuration list for PBXNativeTarget "OpenWeatherApp" */;
			buildPhases = (
				BF1417422692F4DB0059189A /* Sources */,
				BF1417432692F4DB0059189A /* Frameworks */,
				BF1417442692F4DB0059189A /* Resources */,
			);
			buildRules = (
			);
			dependencies = (
			);
			name = OpenWeatherApp;
			productName = OpenWeatherApp;
			productReference = BF1417462692F4DB0059189A /* OpenWeatherApp.app */;
			productType = "com.apple.product-type.application";
		};
/* End PBXNativeTarget section */

/* Begin PBXProject section */
		BF14173E2692F4DB0059189A /* Project object */ = {
			isa = PBXProject;
			attributes = {
				LastSwiftUpdateCheck = 1240;
				LastUpgradeCheck = 1240;
				TargetAttributes = {
					BF1417452692F4DB0059189A = {
						CreatedOnToolsVersion = 12.4;
					};
				};
			};
			buildConfigurationList = BF1417412692F4DB0059189A /* Build configuration list for PBXProject "OpenWeatherApp" */;
			compatibilityVersion = "Xcode 9.3";
			developmentRegion = en;
			hasScannedForEncodings = 0;
			knownRegions = (
				en,
				Base,
			);
			mainGroup = BF14173D2692F4DB0059189A;
			productRefGroup = BF1417472692F4DB0059189A /* Products */;
			projectDirPath = "";
			projectRoot = "";
			targets = (
				BF1417452692F4DB0059189A /* OpenWeatherApp */,
			);
		};
/* End PBXProject section */

/* Begin PBXResourcesBuildPhase section */
		BF1417442692F4DB0059189A /* Resources */ = {
			isa = PBXResourcesBuildPhase;
			buildActionMask = 2147483647;
			files = (
				BF1417592692F4E20059189A /* LaunchScreen.storyboard in Resources */,
				BF1417562692F4E20059189A /* Assets.xcassets in Resources */,
				BF1417512692F4DB0059189A /* Main.storyboard in Resources */,
			);
			runOnlyForDeploymentPostprocessing = 0;
		};
/* End PBXResourcesBuildPhase section */

/* Begin PBXSourcesBuildPhase section */
		BF1417422692F4DB0059189A /* Sources */ = {
			isa = PBXSourcesBuildPhase;
			buildActionMask = 2147483647;
			files = (
				BF14174A2692F4DB0059189A /* AppDelegate.swift in Sources */,
				BF5D3B8A269586E800AAE4D6 /* RequestService.swift in Sources */,
				BF5D3B7D269586CF00AAE4D6 /* Result.swift in Sources */,
				BF1417542692F4DB0059189A /* OpenWeatherApp.xcdatamodeld in Sources */,
				BF5D3B7E269586CF00AAE4D6 /* ErrorResult.swift in Sources */,
				BF5D3B83269586E200AAE4D6 /* ParserHelper.swift in Sources */,
				BF5D3B8B269586E800AAE4D6 /* RequestFactory.swift in Sources */,
				BF5D3B89269586E800AAE4D6 /* ResponseHandler.swift in Sources */,
				BF5D3B78269586A600AAE4D6 /* Reachability.swift in Sources */,
				BF14174C2692F4DB0059189A /* SceneDelegate.swift in Sources */,
			);
			runOnlyForDeploymentPostprocessing = 0;
		};
/* End PBXSourcesBuildPhase section */

/* Begin PBXVariantGroup section */
		BF14174F2692F4DB0059189A /* Main.storyboard */ = {
			isa = PBXVariantGroup;
			children = (
				BF1417502692F4DB0059189A /* Base */,
			);
			name = Main.storyboard;
			sourceTree = "<group>";
		};
		BF1417572692F4E20059189A /* LaunchScreen.storyboard */ = {
			isa = PBXVariantGroup;
			children = (
				BF1417582692F4E20059189A /* Base */,
			);
			name = LaunchScreen.storyboard;
			sourceTree = "<group>";
		};
/* End PBXVariantGroup section */

/* Begin XCBuildConfiguration section */
		BF14175B2692F4E20059189A /* Debug */ = {
			isa = XCBuildConfiguration;
			buildSettings = {
				ALWAYS_SEARCH_USER_PATHS = NO;
				CLANG_ANALYZER_NONNULL = YES;
				CLANG_ANALYZER_NUMBER_OBJECT_CONVERSION = YES_AGGRESSIVE;
				CLANG_CXX_LANGUAGE_STANDARD = "gnu++14";
				CLANG_CXX_LIBRARY = "libc++";
				CLANG_ENABLE_MODULES = YES;
				CLANG_ENABLE_OBJC_ARC = YES;
				CLANG_ENABLE_OBJC_WEAK = YES;
				CLANG_WARN_BLOCK_CAPTURE_AUTORELEASING = YES;
				CLANG_WARN_BOOL_CONVERSION = YES;
				CLANG_WARN_COMMA = YES;
				CLANG_WARN_CONSTANT_CONVERSION = YES;
				CLANG_WARN_DEPRECATED_OBJC_IMPLEMENTATIONS = YES;
				CLANG_WARN_DIRECT_OBJC_ISA_USAGE = YES_ERROR;
				CLANG_WARN_DOCUMENTATION_COMMENTS = YES;
				CLANG_WARN_EMPTY_BODY = YES;
				CLANG_WARN_ENUM_CONVERSION = YES;
				CLANG_WARN_INFINITE_RECURSION = YES;
				CLANG_WARN_INT_CONVERSION = YES;
				CLANG_WARN_NON_LITERAL_NULL_CONVERSION = YES;
				CLANG_WARN_OBJC_IMPLICIT_RETAIN_SELF = YES;
				CLANG_WARN_OBJC_LITERAL_CONVERSION = YES;
				CLANG_WARN_OBJC_ROOT_CLASS = YES_ERROR;
				CLANG_WARN_QUOTED_INCLUDE_IN_FRAMEWORK_HEADER = YES;
				CLANG_WARN_RANGE_LOOP_ANALYSIS = YES;
				CLANG_WARN_STRICT_PROTOTYPES = YES;
				CLANG_WARN_SUSPICIOUS_MOVE = YES;
				CLANG_WARN_UNGUARDED_AVAILABILITY = YES_AGGRESSIVE;
				CLANG_WARN_UNREACHABLE_CODE = YES;
				CLANG_WARN__DUPLICATE_METHOD_MATCH = YES;
				COPY_PHASE_STRIP = NO;
				DEBUG_INFORMATION_FORMAT = dwarf;
				ENABLE_STRICT_OBJC_MSGSEND = YES;
				ENABLE_TESTABILITY = YES;
				GCC_C_LANGUAGE_STANDARD = gnu11;
				GCC_DYNAMIC_NO_PIC = NO;
				GCC_NO_COMMON_BLOCKS = YES;
				GCC_OPTIMIZATION_LEVEL = 0;
				GCC_PREPROCESSOR_DEFINITIONS = (
					"DEBUG=1",
					"$(inherited)",
				);
				GCC_WARN_64_TO_32_BIT_CONVERSION = YES;
				GCC_WARN_ABOUT_RETURN_TYPE = YES_ERROR;
				GCC_WARN_UNDECLARED_SELECTOR = YES;
				GCC_WARN_UNINITIALIZED_AUTOS = YES_AGGRESSIVE;
				GCC_WARN_UNUSED_FUNCTION = YES;
				GCC_WARN_UNUSED_VARIABLE = YES;
				IPHONEOS_DEPLOYMENT_TARGET = 14.4;
				MTL_ENABLE_DEBUG_INFO = INCLUDE_SOURCE;
				MTL_FAST_MATH = YES;
				ONLY_ACTIVE_ARCH = YES;
				SDKROOT = iphoneos;
				SWIFT_ACTIVE_COMPILATION_CONDITIONS = DEBUG;
				SWIFT_OPTIMIZATION_LEVEL = "-Onone";
			};
			name = Debug;
		};
		BF14175C2692F4E20059189A /* Release */ = {
			isa = XCBuildConfiguration;
			buildSettings = {
				ALWAYS_SEARCH_USER_PATHS = NO;
				CLANG_ANALYZER_NONNULL = YES;
				CLANG_ANALYZER_NUMBER_OBJECT_CONVERSION = YES_AGGRESSIVE;
				CLANG_CXX_LANGUAGE_STANDARD = "gnu++14";
				CLANG_CXX_LIBRARY = "libc++";
				CLANG_ENABLE_MODULES = YES;
				CLANG_ENABLE_OBJC_ARC = YES;
				CLANG_ENABLE_OBJC_WEAK = YES;
				CLANG_WARN_BLOCK_CAPTURE_AUTORELEASING = YES;
				CLANG_WARN_BOOL_CONVERSION = YES;
				CLANG_WARN_COMMA = YES;
				CLANG_WARN_CONSTANT_CONVERSION = YES;
				CLANG_WARN_DEPRECATED_OBJC_IMPLEMENTATIONS = YES;
				CLANG_WARN_DIRECT_OBJC_ISA_USAGE = YES_ERROR;
				CLANG_WARN_DOCUMENTATION_COMMENTS = YES;
				CLANG_WARN_EMPTY_BODY = YES;
				CLANG_WARN_ENUM_CONVERSION = YES;
				CLANG_WARN_INFINITE_RECURSION = YES;
				CLANG_WARN_INT_CONVERSION = YES;
				CLANG_WARN_NON_LITERAL_NULL_CONVERSION = YES;
				CLANG_WARN_OBJC_IMPLICIT_RETAIN_SELF = YES;
				CLANG_WARN_OBJC_LITERAL_CONVERSION = YES;
				CLANG_WARN_OBJC_ROOT_CLASS = YES_ERROR;
				CLANG_WARN_QUOTED_INCLUDE_IN_FRAMEWORK_HEADER = YES;
				CLANG_WARN_RANGE_LOOP_ANALYSIS = YES;
				CLANG_WARN_STRICT_PROTOTYPES = YES;
				CLANG_WARN_SUSPICIOUS_MOVE = YES;
				CLANG_WARN_UNGUARDED_AVAILABILITY = YES_AGGRESSIVE;
				CLANG_WARN_UNREACHABLE_CODE = YES;
				CLANG_WARN__DUPLICATE_METHOD_MATCH = YES;
				COPY_PHASE_STRIP = NO;
				DEBUG_INFORMATION_FORMAT = "dwarf-with-dsym";
				ENABLE_NS_ASSERTIONS = NO;
				ENABLE_STRICT_OBJC_MSGSEND = YES;
				GCC_C_LANGUAGE_STANDARD = gnu11;
				GCC_NO_COMMON_BLOCKS = YES;
				GCC_WARN_64_TO_32_BIT_CONVERSION = YES;
				GCC_WARN_ABOUT_RETURN_TYPE = YES_ERROR;
				GCC_WARN_UNDECLARED_SELECTOR = YES;
				GCC_WARN_UNINITIALIZED_AUTOS = YES_AGGRESSIVE;
				GCC_WARN_UNUSED_FUNCTION = YES;
				GCC_WARN_UNUSED_VARIABLE = YES;
				IPHONEOS_DEPLOYMENT_TARGET = 14.4;
				MTL_ENABLE_DEBUG_INFO = NO;
				MTL_FAST_MATH = YES;
				SDKROOT = iphoneos;
				SWIFT_COMPILATION_MODE = wholemodule;
				SWIFT_OPTIMIZATION_LEVEL = "-O";
				VALIDATE_PRODUCT = YES;
			};
			name = Release;
		};
		BF14175E2692F4E20059189A /* Debug */ = {
			isa = XCBuildConfiguration;
			buildSettings = {
				ASSETCATALOG_COMPILER_APPICON_NAME = AppIcon;
				ASSETCATALOG_COMPILER_GLOBAL_ACCENT_COLOR_NAME = AccentColor;
				CODE_SIGN_STYLE = Automatic;
				INFOPLIST_FILE = OpenWeatherApp/Info.plist;
				LD_RUNPATH_SEARCH_PATHS = (
					"$(inherited)",
					"@executable_path/Frameworks",
				);
				PRODUCT_BUNDLE_IDENTIFIER = com.faizal.openweatherapp.OpenWeatherApp;
				PRODUCT_NAME = "$(TARGET_NAME)";
				SWIFT_VERSION = 5.0;
				TARGETED_DEVICE_FAMILY = "1,2";
			};
			name = Debug;
		};
		BF14175F2692F4E20059189A /* Release */ = {
			isa = XCBuildConfiguration;
			buildSettings = {
				ASSETCATALOG_COMPILER_APPICON_NAME = AppIcon;
				ASSETCATALOG_COMPILER_GLOBAL_ACCENT_COLOR_NAME = AccentColor;
				CODE_SIGN_STYLE = Automatic;
				INFOPLIST_FILE = OpenWeatherApp/Info.plist;
				LD_RUNPATH_SEARCH_PATHS = (
					"$(inherited)",
					"@executable_path/Frameworks",
				);
				PRODUCT_BUNDLE_IDENTIFIER = com.faizal.openweatherapp.OpenWeatherApp;
				PRODUCT_NAME = "$(TARGET_NAME)";
				SWIFT_VERSION = 5.0;
				TARGETED_DEVICE_FAMILY = "1,2";
			};
			name = Release;
		};
/* End XCBuildConfiguration section */

/* Begin XCConfigurationList section */
		BF1417412692F4DB0059189A /* Build configuration list for PBXProject "OpenWeatherApp" */ = {
			isa = XCConfigurationList;
			buildConfigurations = (
				BF14175B2692F4E20059189A /* Debug */,
				BF14175C2692F4E20059189A /* Release */,
			);
			defaultConfigurationIsVisible = 0;
			defaultConfigurationName = Release;
		};
		BF14175D2692F4E20059189A /* Build configuration list for PBXNativeTarget "OpenWeatherApp" */ = {
			isa = XCConfigurationList;
			buildConfigurations = (
				BF14175E2692F4E20059189A /* Debug */,
				BF14175F2692F4E20059189A /* Release */,
			);
			defaultConfigurationIsVisible = 0;
			defaultConfigurationName = Release;
		};
/* End XCConfigurationList section */

/* Begin XCVersionGroup section */
		BF1417522692F4DB0059189A /* OpenWeatherApp.xcdatamodeld */ = {
			isa = XCVersionGroup;
			children = (
				BF1417532692F4DB0059189A /* OpenWeatherApp.xcdatamodel */,
			);
			currentVersion = BF1417532692F4DB0059189A /* OpenWeatherApp.xcdatamodel */;
			path = OpenWeatherApp.xcdatamodeld;
			sourceTree = "<group>";
			versionGroupType = wrapper.xcdatamodel;
		};
/* End XCVersionGroup section */
	};
	rootObject = BF14173E2692F4DB0059189A /* Project object */;
}
